{
    "_meta": {
        "hash": {
            "sha256": "c23e4774efa7153ba8addfbe118e9cc0c526a063275824cf25cb2198e0ff1b33"
        },
        "pipfile-spec": 6,
        "requires": {
            "python_version": "3.11"
        },
        "sources": [
            {
                "name": "pypi",
                "url": "https://pypi.org/simple",
                "verify_ssl": true
            }
        ]
    },
    "default": {
        "urllib3": {
            "hashes": [
                "sha256:7a7c7003b000adf9e7ca2a377c9688bbc54ed41b985789ed576570342a375cd2",
                "sha256:b19e1a85d206b56d7df1d5e683df4a7725252a964e3993648dd0fb5a1c157564"
            ],
            "index": "pypi",
            "markers": "python_version >= '3.7'",
            "version": "==2.0.6"
        }
    },
    "develop": {}
}
